
Microsoft Visual Studio Solution File, Format Version 12.00
# Visual Studio 14
VisualStudioVersion = 14.0.25420.1
MinimumVisualStudioVersion = 10.0.40219.1
Project("{FAE04EC0-301F-11D3-BF4B-00C04F79EFBC}") = "FactoryExample", "FactoryExample\FactoryExample.csproj", "{574780EF-B96C-4595-9939-A9A505AB3C40}"
EndProject
Project("{FAE04EC0-301F-11D3-BF4B-00C04F79EFBC}") = "FactoryLib", "FactoryLib\FactoryLib.csproj", "{5E94C1A9-F397-484D-A07E-D043306DE4A3}"
EndProject
Global
	GlobalSection(SolutionConfigurationPlatforms) = preSolution
		Debug|Any CPU = Debug|Any CPU
		Release|Any CPU = Release|Any CPU
	EndGlobalSection
	GlobalSection(ProjectConfigurationPlatforms) = postSolution
		{574780EF-B96C-4595-9939-A9A505AB3C40}.Debug|Any CPU.ActiveCfg = Debug|Any CPU
		{574780EF-B96C-4595-9939-A9A505AB3C40}.Debug|Any CPU.Build.0 = Debug|Any CPU
		{574780EF-B96C-4595-9939-A9A505AB3C40}.Release|Any CPU.ActiveCfg = Release|Any CPU
		{574780EF-B96C-4595-9939-A9A505AB3C40}.Release|Any CPU.Build.0 = Release|Any CPU
		{5E94C1A9-F397-484D-A07E-D043306DE4A3}.Debug|Any CPU.ActiveCfg = Debug|Any CPU
		{5E94C1A9-F397-484D-A07E-D043306DE4A3}.Debug|Any CPU.Build.0 = Debug|Any CPU
		{5E94C1A9-F397-484D-A07E-D043306DE4A3}.Release|Any CPU.ActiveCfg = Release|Any CPU
		{5E94C1A9-F397-484D-A07E-D043306DE4A3}.Release|Any CPU.Build.0 = Release|Any CPU
	EndGlobalSection
	GlobalSection(SolutionProperties) = preSolution
		HideSolutionNode = FALSE
	EndGlobalSection
EndGlobal
